
Microsoft Visual Studio Solution File, Format Version 12.00
# Visual Studio 15
VisualStudioVersion = 15.0.27130.2024
MinimumVisualStudioVersion = 10.0.40219.1
Project("{8BC9CEB8-8B4A-11D0-8D11-00A0C91BC942}") = "baekjoon_11023", "baekjoon_11023\baekjoon_11023.vcxproj", "{692B664F-3D2C-4C5E-8886-CBCE2AA7B799}"
EndProject
Global
	GlobalSection(SolutionConfigurationPlatforms) = preSolution
		Debug|x64 = Debug|x64
		Debug|x86 = Debug|x86
		Release|x64 = Release|x64
		Release|x86 = Release|x86
	EndGlobalSection
	GlobalSection(ProjectConfigurationPlatforms) = postSolution
		{692B664F-3D2C-4C5E-8886-CBCE2AA7B799}.Debug|x64.ActiveCfg = Debug|x64
		{692B664F-3D2C-4C5E-8886-CBCE2AA7B799}.Debug|x64.Build.0 = Debug|x64
		{692B664F-3D2C-4C5E-8886-CBCE2AA7B799}.Debug|x86.ActiveCfg = Debug|Win32
		{692B664F-3D2C-4C5E-8886-CBCE2AA7B799}.Debug|x86.Build.0 = Debug|Win32
		{692B664F-3D2C-4C5E-8886-CBCE2AA7B799}.Release|x64.ActiveCfg = Release|x64
		{692B664F-3D2C-4C5E-8886-CBCE2AA7B799}.Release|x64.Build.0 = Release|x64
		{692B664F-3D2C-4C5E-8886-CBCE2AA7B799}.Release|x86.ActiveCfg = Release|Win32
		{692B664F-3D2C-4C5E-8886-CBCE2AA7B799}.Release|x86.Build.0 = Release|Win32
	EndGlobalSection
	GlobalSection(SolutionProperties) = preSolution
		HideSolutionNode = FALSE
	EndGlobalSection
	GlobalSection(ExtensibilityGlobals) = postSolution
		SolutionGuid = {2B68C6F5-4427-4B61-8A8D-EE502CD9C3E5}
	EndGlobalSection
EndGlobal
