
Microsoft Visual Studio Solution File, Format Version 12.00
# Visual Studio 15
VisualStudioVersion = 15.0.27130.2024
MinimumVisualStudioVersion = 10.0.40219.1
Project("{8BC9CEB8-8B4A-11D0-8D11-00A0C91BC942}") = "baekjoon_10709", "baekjoon_10709\baekjoon_10709.vcxproj", "{E0C8F583-BE53-4A67-8EEE-659FA7A429BB}"
EndProject
Global
	GlobalSection(SolutionConfigurationPlatforms) = preSolution
		Debug|x64 = Debug|x64
		Debug|x86 = Debug|x86
		Release|x64 = Release|x64
		Release|x86 = Release|x86
	EndGlobalSection
	GlobalSection(ProjectConfigurationPlatforms) = postSolution
		{E0C8F583-BE53-4A67-8EEE-659FA7A429BB}.Debug|x64.ActiveCfg = Debug|x64
		{E0C8F583-BE53-4A67-8EEE-659FA7A429BB}.Debug|x64.Build.0 = Debug|x64
		{E0C8F583-BE53-4A67-8EEE-659FA7A429BB}.Debug|x86.ActiveCfg = Debug|Win32
		{E0C8F583-BE53-4A67-8EEE-659FA7A429BB}.Debug|x86.Build.0 = Debug|Win32
		{E0C8F583-BE53-4A67-8EEE-659FA7A429BB}.Release|x64.ActiveCfg = Release|x64
		{E0C8F583-BE53-4A67-8EEE-659FA7A429BB}.Release|x64.Build.0 = Release|x64
		{E0C8F583-BE53-4A67-8EEE-659FA7A429BB}.Release|x86.ActiveCfg = Release|Win32
		{E0C8F583-BE53-4A67-8EEE-659FA7A429BB}.Release|x86.Build.0 = Release|Win32
	EndGlobalSection
	GlobalSection(SolutionProperties) = preSolution
		HideSolutionNode = FALSE
	EndGlobalSection
	GlobalSection(ExtensibilityGlobals) = postSolution
		SolutionGuid = {405A9746-A6CE-4005-8762-45EEF70A84FC}
	EndGlobalSection
EndGlobal
