
Microsoft Visual Studio Solution File, Format Version 12.00
# Visual Studio 15
VisualStudioVersion = 15.0.27130.2024
MinimumVisualStudioVersion = 10.0.40219.1
Project("{8BC9CEB8-8B4A-11D0-8D11-00A0C91BC942}") = "baekjoon_11648", "baekjoon_11648\baekjoon_11648.vcxproj", "{44196667-3EB5-4F0E-9E30-A006092B5CED}"
EndProject
Global
	GlobalSection(SolutionConfigurationPlatforms) = preSolution
		Debug|x64 = Debug|x64
		Debug|x86 = Debug|x86
		Release|x64 = Release|x64
		Release|x86 = Release|x86
	EndGlobalSection
	GlobalSection(ProjectConfigurationPlatforms) = postSolution
		{44196667-3EB5-4F0E-9E30-A006092B5CED}.Debug|x64.ActiveCfg = Debug|x64
		{44196667-3EB5-4F0E-9E30-A006092B5CED}.Debug|x64.Build.0 = Debug|x64
		{44196667-3EB5-4F0E-9E30-A006092B5CED}.Debug|x86.ActiveCfg = Debug|Win32
		{44196667-3EB5-4F0E-9E30-A006092B5CED}.Debug|x86.Build.0 = Debug|Win32
		{44196667-3EB5-4F0E-9E30-A006092B5CED}.Release|x64.ActiveCfg = Release|x64
		{44196667-3EB5-4F0E-9E30-A006092B5CED}.Release|x64.Build.0 = Release|x64
		{44196667-3EB5-4F0E-9E30-A006092B5CED}.Release|x86.ActiveCfg = Release|Win32
		{44196667-3EB5-4F0E-9E30-A006092B5CED}.Release|x86.Build.0 = Release|Win32
	EndGlobalSection
	GlobalSection(SolutionProperties) = preSolution
		HideSolutionNode = FALSE
	EndGlobalSection
	GlobalSection(ExtensibilityGlobals) = postSolution
		SolutionGuid = {C18ABF50-62B3-4A3A-9AB2-8706408E9173}
	EndGlobalSection
EndGlobal
