
Microsoft Visual Studio Solution File, Format Version 12.00
# Visual Studio 15
VisualStudioVersion = 15.0.28010.2019
MinimumVisualStudioVersion = 10.0.40219.1
Project("{8BC9CEB8-8B4A-11D0-8D11-00A0C91BC942}") = "baekjoon_13460", "baekjoon_13460\baekjoon_13460.vcxproj", "{FF2D48B3-2AF2-4885-8CB4-E23D8E40A401}"
EndProject
Global
	GlobalSection(SolutionConfigurationPlatforms) = preSolution
		Debug|x64 = Debug|x64
		Debug|x86 = Debug|x86
		Release|x64 = Release|x64
		Release|x86 = Release|x86
	EndGlobalSection
	GlobalSection(ProjectConfigurationPlatforms) = postSolution
		{FF2D48B3-2AF2-4885-8CB4-E23D8E40A401}.Debug|x64.ActiveCfg = Debug|x64
		{FF2D48B3-2AF2-4885-8CB4-E23D8E40A401}.Debug|x64.Build.0 = Debug|x64
		{FF2D48B3-2AF2-4885-8CB4-E23D8E40A401}.Debug|x86.ActiveCfg = Debug|Win32
		{FF2D48B3-2AF2-4885-8CB4-E23D8E40A401}.Debug|x86.Build.0 = Debug|Win32
		{FF2D48B3-2AF2-4885-8CB4-E23D8E40A401}.Release|x64.ActiveCfg = Release|x64
		{FF2D48B3-2AF2-4885-8CB4-E23D8E40A401}.Release|x64.Build.0 = Release|x64
		{FF2D48B3-2AF2-4885-8CB4-E23D8E40A401}.Release|x86.ActiveCfg = Release|Win32
		{FF2D48B3-2AF2-4885-8CB4-E23D8E40A401}.Release|x86.Build.0 = Release|Win32
	EndGlobalSection
	GlobalSection(SolutionProperties) = preSolution
		HideSolutionNode = FALSE
	EndGlobalSection
	GlobalSection(ExtensibilityGlobals) = postSolution
		SolutionGuid = {C5C58194-474E-4295-B3EB-7049732077E2}
	EndGlobalSection
EndGlobal
