
Microsoft Visual Studio Solution File, Format Version 12.00
# Visual Studio 15
VisualStudioVersion = 15.0.28010.2019
MinimumVisualStudioVersion = 10.0.40219.1
Project("{8BC9CEB8-8B4A-11D0-8D11-00A0C91BC942}") = "baekjoon_1927", "baekjoon_1927\baekjoon_1927.vcxproj", "{50D94E14-780C-4AB2-A692-AEF0C2C00DC5}"
EndProject
Global
	GlobalSection(SolutionConfigurationPlatforms) = preSolution
		Debug|x64 = Debug|x64
		Debug|x86 = Debug|x86
		Release|x64 = Release|x64
		Release|x86 = Release|x86
	EndGlobalSection
	GlobalSection(ProjectConfigurationPlatforms) = postSolution
		{50D94E14-780C-4AB2-A692-AEF0C2C00DC5}.Debug|x64.ActiveCfg = Debug|x64
		{50D94E14-780C-4AB2-A692-AEF0C2C00DC5}.Debug|x64.Build.0 = Debug|x64
		{50D94E14-780C-4AB2-A692-AEF0C2C00DC5}.Debug|x86.ActiveCfg = Debug|Win32
		{50D94E14-780C-4AB2-A692-AEF0C2C00DC5}.Debug|x86.Build.0 = Debug|Win32
		{50D94E14-780C-4AB2-A692-AEF0C2C00DC5}.Release|x64.ActiveCfg = Release|x64
		{50D94E14-780C-4AB2-A692-AEF0C2C00DC5}.Release|x64.Build.0 = Release|x64
		{50D94E14-780C-4AB2-A692-AEF0C2C00DC5}.Release|x86.ActiveCfg = Release|Win32
		{50D94E14-780C-4AB2-A692-AEF0C2C00DC5}.Release|x86.Build.0 = Release|Win32
	EndGlobalSection
	GlobalSection(SolutionProperties) = preSolution
		HideSolutionNode = FALSE
	EndGlobalSection
	GlobalSection(ExtensibilityGlobals) = postSolution
		SolutionGuid = {F85BA6A8-5B6E-4B76-8F20-0C365010A35F}
	EndGlobalSection
EndGlobal
