
Microsoft Visual Studio Solution File, Format Version 12.00
# Visual Studio 15
VisualStudioVersion = 15.0.28010.2019
MinimumVisualStudioVersion = 10.0.40219.1
Project("{8BC9CEB8-8B4A-11D0-8D11-00A0C91BC942}") = "baekjoon_2261", "baekjoon_2261\baekjoon_2261.vcxproj", "{EDBFB85E-097D-4236-87C9-A41B10D3706C}"
EndProject
Global
	GlobalSection(SolutionConfigurationPlatforms) = preSolution
		Debug|x64 = Debug|x64
		Debug|x86 = Debug|x86
		Release|x64 = Release|x64
		Release|x86 = Release|x86
	EndGlobalSection
	GlobalSection(ProjectConfigurationPlatforms) = postSolution
		{EDBFB85E-097D-4236-87C9-A41B10D3706C}.Debug|x64.ActiveCfg = Debug|x64
		{EDBFB85E-097D-4236-87C9-A41B10D3706C}.Debug|x64.Build.0 = Debug|x64
		{EDBFB85E-097D-4236-87C9-A41B10D3706C}.Debug|x86.ActiveCfg = Debug|Win32
		{EDBFB85E-097D-4236-87C9-A41B10D3706C}.Debug|x86.Build.0 = Debug|Win32
		{EDBFB85E-097D-4236-87C9-A41B10D3706C}.Release|x64.ActiveCfg = Release|x64
		{EDBFB85E-097D-4236-87C9-A41B10D3706C}.Release|x64.Build.0 = Release|x64
		{EDBFB85E-097D-4236-87C9-A41B10D3706C}.Release|x86.ActiveCfg = Release|Win32
		{EDBFB85E-097D-4236-87C9-A41B10D3706C}.Release|x86.Build.0 = Release|Win32
	EndGlobalSection
	GlobalSection(SolutionProperties) = preSolution
		HideSolutionNode = FALSE
	EndGlobalSection
	GlobalSection(ExtensibilityGlobals) = postSolution
		SolutionGuid = {727F4AB2-36EC-4F80-99EA-33CF141F547C}
	EndGlobalSection
EndGlobal
