
Microsoft Visual Studio Solution File, Format Version 12.00
# Visual Studio 15
VisualStudioVersion = 15.0.28010.2019
MinimumVisualStudioVersion = 10.0.40219.1
Project("{8BC9CEB8-8B4A-11D0-8D11-00A0C91BC942}") = "baekjoon_5585", "baekjoon_5585\baekjoon_5585.vcxproj", "{BCFE2F4E-E176-4752-AE8B-C7C047B68555}"
EndProject
Global
	GlobalSection(SolutionConfigurationPlatforms) = preSolution
		Debug|x64 = Debug|x64
		Debug|x86 = Debug|x86
		Release|x64 = Release|x64
		Release|x86 = Release|x86
	EndGlobalSection
	GlobalSection(ProjectConfigurationPlatforms) = postSolution
		{BCFE2F4E-E176-4752-AE8B-C7C047B68555}.Debug|x64.ActiveCfg = Debug|x64
		{BCFE2F4E-E176-4752-AE8B-C7C047B68555}.Debug|x64.Build.0 = Debug|x64
		{BCFE2F4E-E176-4752-AE8B-C7C047B68555}.Debug|x86.ActiveCfg = Debug|Win32
		{BCFE2F4E-E176-4752-AE8B-C7C047B68555}.Debug|x86.Build.0 = Debug|Win32
		{BCFE2F4E-E176-4752-AE8B-C7C047B68555}.Release|x64.ActiveCfg = Release|x64
		{BCFE2F4E-E176-4752-AE8B-C7C047B68555}.Release|x64.Build.0 = Release|x64
		{BCFE2F4E-E176-4752-AE8B-C7C047B68555}.Release|x86.ActiveCfg = Release|Win32
		{BCFE2F4E-E176-4752-AE8B-C7C047B68555}.Release|x86.Build.0 = Release|Win32
	EndGlobalSection
	GlobalSection(SolutionProperties) = preSolution
		HideSolutionNode = FALSE
	EndGlobalSection
	GlobalSection(ExtensibilityGlobals) = postSolution
		SolutionGuid = {2A043414-DC59-4AF8-BBC4-064D3E230DF6}
	EndGlobalSection
EndGlobal
