
Microsoft Visual Studio Solution File, Format Version 12.00
# Visual Studio 15
VisualStudioVersion = 15.0.28010.2019
MinimumVisualStudioVersion = 10.0.40219.1
Project("{8BC9CEB8-8B4A-11D0-8D11-00A0C91BC942}") = "baekjoon_13241", "baekjoon_13241\baekjoon_13241.vcxproj", "{DDA5FF24-2D05-44E4-AC1D-AD7A0D5AD833}"
EndProject
Global
	GlobalSection(SolutionConfigurationPlatforms) = preSolution
		Debug|x64 = Debug|x64
		Debug|x86 = Debug|x86
		Release|x64 = Release|x64
		Release|x86 = Release|x86
	EndGlobalSection
	GlobalSection(ProjectConfigurationPlatforms) = postSolution
		{DDA5FF24-2D05-44E4-AC1D-AD7A0D5AD833}.Debug|x64.ActiveCfg = Debug|x64
		{DDA5FF24-2D05-44E4-AC1D-AD7A0D5AD833}.Debug|x64.Build.0 = Debug|x64
		{DDA5FF24-2D05-44E4-AC1D-AD7A0D5AD833}.Debug|x86.ActiveCfg = Debug|Win32
		{DDA5FF24-2D05-44E4-AC1D-AD7A0D5AD833}.Debug|x86.Build.0 = Debug|Win32
		{DDA5FF24-2D05-44E4-AC1D-AD7A0D5AD833}.Release|x64.ActiveCfg = Release|x64
		{DDA5FF24-2D05-44E4-AC1D-AD7A0D5AD833}.Release|x64.Build.0 = Release|x64
		{DDA5FF24-2D05-44E4-AC1D-AD7A0D5AD833}.Release|x86.ActiveCfg = Release|Win32
		{DDA5FF24-2D05-44E4-AC1D-AD7A0D5AD833}.Release|x86.Build.0 = Release|Win32
	EndGlobalSection
	GlobalSection(SolutionProperties) = preSolution
		HideSolutionNode = FALSE
	EndGlobalSection
	GlobalSection(ExtensibilityGlobals) = postSolution
		SolutionGuid = {6BFA90F1-9210-47AA-8085-59E9311FA53E}
	EndGlobalSection
EndGlobal
