
Microsoft Visual Studio Solution File, Format Version 12.00
# Visual Studio 15
VisualStudioVersion = 15.0.27130.2024
MinimumVisualStudioVersion = 10.0.40219.1
Project("{8BC9CEB8-8B4A-11D0-8D11-00A0C91BC942}") = "baekjoon_11383", "baekjoon_11383\baekjoon_11383.vcxproj", "{EC4AE3B6-2AE2-4D2F-8460-0E21CB227EAF}"
EndProject
Global
	GlobalSection(SolutionConfigurationPlatforms) = preSolution
		Debug|x64 = Debug|x64
		Debug|x86 = Debug|x86
		Release|x64 = Release|x64
		Release|x86 = Release|x86
	EndGlobalSection
	GlobalSection(ProjectConfigurationPlatforms) = postSolution
		{EC4AE3B6-2AE2-4D2F-8460-0E21CB227EAF}.Debug|x64.ActiveCfg = Debug|x64
		{EC4AE3B6-2AE2-4D2F-8460-0E21CB227EAF}.Debug|x64.Build.0 = Debug|x64
		{EC4AE3B6-2AE2-4D2F-8460-0E21CB227EAF}.Debug|x86.ActiveCfg = Debug|Win32
		{EC4AE3B6-2AE2-4D2F-8460-0E21CB227EAF}.Debug|x86.Build.0 = Debug|Win32
		{EC4AE3B6-2AE2-4D2F-8460-0E21CB227EAF}.Release|x64.ActiveCfg = Release|x64
		{EC4AE3B6-2AE2-4D2F-8460-0E21CB227EAF}.Release|x64.Build.0 = Release|x64
		{EC4AE3B6-2AE2-4D2F-8460-0E21CB227EAF}.Release|x86.ActiveCfg = Release|Win32
		{EC4AE3B6-2AE2-4D2F-8460-0E21CB227EAF}.Release|x86.Build.0 = Release|Win32
	EndGlobalSection
	GlobalSection(SolutionProperties) = preSolution
		HideSolutionNode = FALSE
	EndGlobalSection
	GlobalSection(ExtensibilityGlobals) = postSolution
		SolutionGuid = {2E9930D7-C120-484A-952C-5CC0ED515530}
	EndGlobalSection
EndGlobal
