
Microsoft Visual Studio Solution File, Format Version 12.00
# Visual Studio 15
VisualStudioVersion = 15.0.28010.2019
MinimumVisualStudioVersion = 10.0.40219.1
Project("{8BC9CEB8-8B4A-11D0-8D11-00A0C91BC942}") = "baekjoon_1725", "baekjoon_1725\baekjoon_1725.vcxproj", "{205F6725-2C0C-4B78-8221-949675D3E0D4}"
EndProject
Global
	GlobalSection(SolutionConfigurationPlatforms) = preSolution
		Debug|x64 = Debug|x64
		Debug|x86 = Debug|x86
		Release|x64 = Release|x64
		Release|x86 = Release|x86
	EndGlobalSection
	GlobalSection(ProjectConfigurationPlatforms) = postSolution
		{205F6725-2C0C-4B78-8221-949675D3E0D4}.Debug|x64.ActiveCfg = Debug|x64
		{205F6725-2C0C-4B78-8221-949675D3E0D4}.Debug|x64.Build.0 = Debug|x64
		{205F6725-2C0C-4B78-8221-949675D3E0D4}.Debug|x86.ActiveCfg = Debug|Win32
		{205F6725-2C0C-4B78-8221-949675D3E0D4}.Debug|x86.Build.0 = Debug|Win32
		{205F6725-2C0C-4B78-8221-949675D3E0D4}.Release|x64.ActiveCfg = Release|x64
		{205F6725-2C0C-4B78-8221-949675D3E0D4}.Release|x64.Build.0 = Release|x64
		{205F6725-2C0C-4B78-8221-949675D3E0D4}.Release|x86.ActiveCfg = Release|Win32
		{205F6725-2C0C-4B78-8221-949675D3E0D4}.Release|x86.Build.0 = Release|Win32
	EndGlobalSection
	GlobalSection(SolutionProperties) = preSolution
		HideSolutionNode = FALSE
	EndGlobalSection
	GlobalSection(ExtensibilityGlobals) = postSolution
		SolutionGuid = {50ED5054-6546-4672-A8A7-662738A8432B}
	EndGlobalSection
EndGlobal
