
Microsoft Visual Studio Solution File, Format Version 12.00
# Visual Studio 15
VisualStudioVersion = 15.0.27130.2024
MinimumVisualStudioVersion = 10.0.40219.1
Project("{8BC9CEB8-8B4A-11D0-8D11-00A0C91BC942}") = "baekjoon_10991", "baekjoon_10991\baekjoon_10991.vcxproj", "{88A5EAD8-05F6-44AC-9530-10541122D162}"
EndProject
Global
	GlobalSection(SolutionConfigurationPlatforms) = preSolution
		Debug|x64 = Debug|x64
		Debug|x86 = Debug|x86
		Release|x64 = Release|x64
		Release|x86 = Release|x86
	EndGlobalSection
	GlobalSection(ProjectConfigurationPlatforms) = postSolution
		{88A5EAD8-05F6-44AC-9530-10541122D162}.Debug|x64.ActiveCfg = Debug|x64
		{88A5EAD8-05F6-44AC-9530-10541122D162}.Debug|x64.Build.0 = Debug|x64
		{88A5EAD8-05F6-44AC-9530-10541122D162}.Debug|x86.ActiveCfg = Debug|Win32
		{88A5EAD8-05F6-44AC-9530-10541122D162}.Debug|x86.Build.0 = Debug|Win32
		{88A5EAD8-05F6-44AC-9530-10541122D162}.Release|x64.ActiveCfg = Release|x64
		{88A5EAD8-05F6-44AC-9530-10541122D162}.Release|x64.Build.0 = Release|x64
		{88A5EAD8-05F6-44AC-9530-10541122D162}.Release|x86.ActiveCfg = Release|Win32
		{88A5EAD8-05F6-44AC-9530-10541122D162}.Release|x86.Build.0 = Release|Win32
	EndGlobalSection
	GlobalSection(SolutionProperties) = preSolution
		HideSolutionNode = FALSE
	EndGlobalSection
	GlobalSection(ExtensibilityGlobals) = postSolution
		SolutionGuid = {7C568A89-3FEF-4A3C-8FF7-14694D8695C5}
	EndGlobalSection
EndGlobal
