
Microsoft Visual Studio Solution File, Format Version 12.00
# Visual Studio 15
VisualStudioVersion = 15.0.27130.2024
MinimumVisualStudioVersion = 10.0.40219.1
Project("{8BC9CEB8-8B4A-11D0-8D11-00A0C91BC942}") = "baekjoon_10829", "baekjoon_10829\baekjoon_10829.vcxproj", "{351E87BE-5FFA-471F-93AA-B2A2490B6444}"
EndProject
Global
	GlobalSection(SolutionConfigurationPlatforms) = preSolution
		Debug|x64 = Debug|x64
		Debug|x86 = Debug|x86
		Release|x64 = Release|x64
		Release|x86 = Release|x86
	EndGlobalSection
	GlobalSection(ProjectConfigurationPlatforms) = postSolution
		{351E87BE-5FFA-471F-93AA-B2A2490B6444}.Debug|x64.ActiveCfg = Debug|x64
		{351E87BE-5FFA-471F-93AA-B2A2490B6444}.Debug|x64.Build.0 = Debug|x64
		{351E87BE-5FFA-471F-93AA-B2A2490B6444}.Debug|x86.ActiveCfg = Debug|Win32
		{351E87BE-5FFA-471F-93AA-B2A2490B6444}.Debug|x86.Build.0 = Debug|Win32
		{351E87BE-5FFA-471F-93AA-B2A2490B6444}.Release|x64.ActiveCfg = Release|x64
		{351E87BE-5FFA-471F-93AA-B2A2490B6444}.Release|x64.Build.0 = Release|x64
		{351E87BE-5FFA-471F-93AA-B2A2490B6444}.Release|x86.ActiveCfg = Release|Win32
		{351E87BE-5FFA-471F-93AA-B2A2490B6444}.Release|x86.Build.0 = Release|Win32
	EndGlobalSection
	GlobalSection(SolutionProperties) = preSolution
		HideSolutionNode = FALSE
	EndGlobalSection
	GlobalSection(ExtensibilityGlobals) = postSolution
		SolutionGuid = {860067E0-3771-45C1-88DC-3545EC1DF56C}
	EndGlobalSection
EndGlobal
