
Microsoft Visual Studio Solution File, Format Version 12.00
# Visual Studio 15
VisualStudioVersion = 15.0.28307.136
MinimumVisualStudioVersion = 10.0.40219.1
Project("{8BC9CEB8-8B4A-11D0-8D11-00A0C91BC942}") = "baekjoon_6603", "baekjoon_6603\baekjoon_6603.vcxproj", "{F1BAAE17-9996-4ACC-9B07-A3DEDAC56724}"
EndProject
Global
	GlobalSection(SolutionConfigurationPlatforms) = preSolution
		Debug|x64 = Debug|x64
		Debug|x86 = Debug|x86
		Release|x64 = Release|x64
		Release|x86 = Release|x86
	EndGlobalSection
	GlobalSection(ProjectConfigurationPlatforms) = postSolution
		{F1BAAE17-9996-4ACC-9B07-A3DEDAC56724}.Debug|x64.ActiveCfg = Debug|x64
		{F1BAAE17-9996-4ACC-9B07-A3DEDAC56724}.Debug|x64.Build.0 = Debug|x64
		{F1BAAE17-9996-4ACC-9B07-A3DEDAC56724}.Debug|x86.ActiveCfg = Debug|Win32
		{F1BAAE17-9996-4ACC-9B07-A3DEDAC56724}.Debug|x86.Build.0 = Debug|Win32
		{F1BAAE17-9996-4ACC-9B07-A3DEDAC56724}.Release|x64.ActiveCfg = Release|x64
		{F1BAAE17-9996-4ACC-9B07-A3DEDAC56724}.Release|x64.Build.0 = Release|x64
		{F1BAAE17-9996-4ACC-9B07-A3DEDAC56724}.Release|x86.ActiveCfg = Release|Win32
		{F1BAAE17-9996-4ACC-9B07-A3DEDAC56724}.Release|x86.Build.0 = Release|Win32
	EndGlobalSection
	GlobalSection(SolutionProperties) = preSolution
		HideSolutionNode = FALSE
	EndGlobalSection
	GlobalSection(ExtensibilityGlobals) = postSolution
		SolutionGuid = {701EBA61-04C4-4A4E-88F2-D5E7667C4CE6}
	EndGlobalSection
EndGlobal
