
Microsoft Visual Studio Solution File, Format Version 12.00
# Visual Studio 15
VisualStudioVersion = 15.0.28010.2019
MinimumVisualStudioVersion = 10.0.40219.1
Project("{8BC9CEB8-8B4A-11D0-8D11-00A0C91BC942}") = "baekjoon_1916", "baekjoon_1916\baekjoon_1916.vcxproj", "{EFB34EA5-C313-4736-B6E8-17898948FC52}"
EndProject
Global
	GlobalSection(SolutionConfigurationPlatforms) = preSolution
		Debug|x64 = Debug|x64
		Debug|x86 = Debug|x86
		Release|x64 = Release|x64
		Release|x86 = Release|x86
	EndGlobalSection
	GlobalSection(ProjectConfigurationPlatforms) = postSolution
		{EFB34EA5-C313-4736-B6E8-17898948FC52}.Debug|x64.ActiveCfg = Debug|x64
		{EFB34EA5-C313-4736-B6E8-17898948FC52}.Debug|x64.Build.0 = Debug|x64
		{EFB34EA5-C313-4736-B6E8-17898948FC52}.Debug|x86.ActiveCfg = Debug|Win32
		{EFB34EA5-C313-4736-B6E8-17898948FC52}.Debug|x86.Build.0 = Debug|Win32
		{EFB34EA5-C313-4736-B6E8-17898948FC52}.Release|x64.ActiveCfg = Release|x64
		{EFB34EA5-C313-4736-B6E8-17898948FC52}.Release|x64.Build.0 = Release|x64
		{EFB34EA5-C313-4736-B6E8-17898948FC52}.Release|x86.ActiveCfg = Release|Win32
		{EFB34EA5-C313-4736-B6E8-17898948FC52}.Release|x86.Build.0 = Release|Win32
	EndGlobalSection
	GlobalSection(SolutionProperties) = preSolution
		HideSolutionNode = FALSE
	EndGlobalSection
	GlobalSection(ExtensibilityGlobals) = postSolution
		SolutionGuid = {6A6E6B4D-866D-4772-8A5C-BC7D7A621AF5}
	EndGlobalSection
EndGlobal
