
Microsoft Visual Studio Solution File, Format Version 12.00
# Visual Studio 15
VisualStudioVersion = 15.0.27130.2020
MinimumVisualStudioVersion = 10.0.40219.1
Project("{8BC9CEB8-8B4A-11D0-8D11-00A0C91BC942}") = "baekjoon_10845", "baekjoon_10845\baekjoon_10845.vcxproj", "{180AB453-B897-4D7E-98E7-5397C8A1CB8D}"
EndProject
Global
	GlobalSection(SolutionConfigurationPlatforms) = preSolution
		Debug|x64 = Debug|x64
		Debug|x86 = Debug|x86
		Release|x64 = Release|x64
		Release|x86 = Release|x86
	EndGlobalSection
	GlobalSection(ProjectConfigurationPlatforms) = postSolution
		{180AB453-B897-4D7E-98E7-5397C8A1CB8D}.Debug|x64.ActiveCfg = Debug|x64
		{180AB453-B897-4D7E-98E7-5397C8A1CB8D}.Debug|x64.Build.0 = Debug|x64
		{180AB453-B897-4D7E-98E7-5397C8A1CB8D}.Debug|x86.ActiveCfg = Debug|Win32
		{180AB453-B897-4D7E-98E7-5397C8A1CB8D}.Debug|x86.Build.0 = Debug|Win32
		{180AB453-B897-4D7E-98E7-5397C8A1CB8D}.Release|x64.ActiveCfg = Release|x64
		{180AB453-B897-4D7E-98E7-5397C8A1CB8D}.Release|x64.Build.0 = Release|x64
		{180AB453-B897-4D7E-98E7-5397C8A1CB8D}.Release|x86.ActiveCfg = Release|Win32
		{180AB453-B897-4D7E-98E7-5397C8A1CB8D}.Release|x86.Build.0 = Release|Win32
	EndGlobalSection
	GlobalSection(SolutionProperties) = preSolution
		HideSolutionNode = FALSE
	EndGlobalSection
	GlobalSection(ExtensibilityGlobals) = postSolution
		SolutionGuid = {1914CCFF-1D9D-42F2-B5CE-2338451FB108}
	EndGlobalSection
EndGlobal
