
Microsoft Visual Studio Solution File, Format Version 12.00
# Visual Studio 15
VisualStudioVersion = 15.0.28307.136
MinimumVisualStudioVersion = 10.0.40219.1
Project("{8BC9CEB8-8B4A-11D0-8D11-00A0C91BC942}") = "baekjoon_2579", "baekjoon_2579\baekjoon_2579.vcxproj", "{76AD8C3D-AB75-448F-9F4D-09BDB8FB6043}"
EndProject
Global
	GlobalSection(SolutionConfigurationPlatforms) = preSolution
		Debug|x64 = Debug|x64
		Debug|x86 = Debug|x86
		Release|x64 = Release|x64
		Release|x86 = Release|x86
	EndGlobalSection
	GlobalSection(ProjectConfigurationPlatforms) = postSolution
		{76AD8C3D-AB75-448F-9F4D-09BDB8FB6043}.Debug|x64.ActiveCfg = Debug|x64
		{76AD8C3D-AB75-448F-9F4D-09BDB8FB6043}.Debug|x64.Build.0 = Debug|x64
		{76AD8C3D-AB75-448F-9F4D-09BDB8FB6043}.Debug|x86.ActiveCfg = Debug|Win32
		{76AD8C3D-AB75-448F-9F4D-09BDB8FB6043}.Debug|x86.Build.0 = Debug|Win32
		{76AD8C3D-AB75-448F-9F4D-09BDB8FB6043}.Release|x64.ActiveCfg = Release|x64
		{76AD8C3D-AB75-448F-9F4D-09BDB8FB6043}.Release|x64.Build.0 = Release|x64
		{76AD8C3D-AB75-448F-9F4D-09BDB8FB6043}.Release|x86.ActiveCfg = Release|Win32
		{76AD8C3D-AB75-448F-9F4D-09BDB8FB6043}.Release|x86.Build.0 = Release|Win32
	EndGlobalSection
	GlobalSection(SolutionProperties) = preSolution
		HideSolutionNode = FALSE
	EndGlobalSection
	GlobalSection(ExtensibilityGlobals) = postSolution
		SolutionGuid = {29AF0AC5-42FF-462C-9D99-F16D661D0FC6}
	EndGlobalSection
EndGlobal
