
Microsoft Visual Studio Solution File, Format Version 12.00
# Visual Studio 15
VisualStudioVersion = 15.0.28307.136
MinimumVisualStudioVersion = 10.0.40219.1
Project("{8BC9CEB8-8B4A-11D0-8D11-00A0C91BC942}") = "baekjoon_11657", "baekjoon_11657\baekjoon_11657.vcxproj", "{36FE6A22-6637-4B6C-8232-9025B628448E}"
EndProject
Global
	GlobalSection(SolutionConfigurationPlatforms) = preSolution
		Debug|x64 = Debug|x64
		Debug|x86 = Debug|x86
		Release|x64 = Release|x64
		Release|x86 = Release|x86
	EndGlobalSection
	GlobalSection(ProjectConfigurationPlatforms) = postSolution
		{36FE6A22-6637-4B6C-8232-9025B628448E}.Debug|x64.ActiveCfg = Debug|x64
		{36FE6A22-6637-4B6C-8232-9025B628448E}.Debug|x64.Build.0 = Debug|x64
		{36FE6A22-6637-4B6C-8232-9025B628448E}.Debug|x86.ActiveCfg = Debug|Win32
		{36FE6A22-6637-4B6C-8232-9025B628448E}.Debug|x86.Build.0 = Debug|Win32
		{36FE6A22-6637-4B6C-8232-9025B628448E}.Release|x64.ActiveCfg = Release|x64
		{36FE6A22-6637-4B6C-8232-9025B628448E}.Release|x64.Build.0 = Release|x64
		{36FE6A22-6637-4B6C-8232-9025B628448E}.Release|x86.ActiveCfg = Release|Win32
		{36FE6A22-6637-4B6C-8232-9025B628448E}.Release|x86.Build.0 = Release|Win32
	EndGlobalSection
	GlobalSection(SolutionProperties) = preSolution
		HideSolutionNode = FALSE
	EndGlobalSection
	GlobalSection(ExtensibilityGlobals) = postSolution
		SolutionGuid = {5CB1F000-A684-4582-8A4E-A6E4A10A2191}
	EndGlobalSection
EndGlobal
