
Microsoft Visual Studio Solution File, Format Version 12.00
# Visual Studio 15
VisualStudioVersion = 15.0.28010.2019
MinimumVisualStudioVersion = 10.0.40219.1
Project("{8BC9CEB8-8B4A-11D0-8D11-00A0C91BC942}") = "baekjoon_1753", "baekjoon_1753\baekjoon_1753.vcxproj", "{4FB96D45-B37F-4D86-AF71-5DFC56B90421}"
EndProject
Global
	GlobalSection(SolutionConfigurationPlatforms) = preSolution
		Debug|x64 = Debug|x64
		Debug|x86 = Debug|x86
		Release|x64 = Release|x64
		Release|x86 = Release|x86
	EndGlobalSection
	GlobalSection(ProjectConfigurationPlatforms) = postSolution
		{4FB96D45-B37F-4D86-AF71-5DFC56B90421}.Debug|x64.ActiveCfg = Debug|x64
		{4FB96D45-B37F-4D86-AF71-5DFC56B90421}.Debug|x64.Build.0 = Debug|x64
		{4FB96D45-B37F-4D86-AF71-5DFC56B90421}.Debug|x86.ActiveCfg = Debug|Win32
		{4FB96D45-B37F-4D86-AF71-5DFC56B90421}.Debug|x86.Build.0 = Debug|Win32
		{4FB96D45-B37F-4D86-AF71-5DFC56B90421}.Release|x64.ActiveCfg = Release|x64
		{4FB96D45-B37F-4D86-AF71-5DFC56B90421}.Release|x64.Build.0 = Release|x64
		{4FB96D45-B37F-4D86-AF71-5DFC56B90421}.Release|x86.ActiveCfg = Release|Win32
		{4FB96D45-B37F-4D86-AF71-5DFC56B90421}.Release|x86.Build.0 = Release|Win32
	EndGlobalSection
	GlobalSection(SolutionProperties) = preSolution
		HideSolutionNode = FALSE
	EndGlobalSection
	GlobalSection(ExtensibilityGlobals) = postSolution
		SolutionGuid = {BBA9AE7C-EC03-4950-B972-7BA1D50D770F}
	EndGlobalSection
EndGlobal
