
Microsoft Visual Studio Solution File, Format Version 12.00
# Visual Studio 15
VisualStudioVersion = 15.0.28307.136
MinimumVisualStudioVersion = 10.0.40219.1
Project("{8BC9CEB8-8B4A-11D0-8D11-00A0C91BC942}") = "baekjoon_2661", "baekjoon_2661\baekjoon_2661.vcxproj", "{FAC1DBF6-F68F-4D92-B892-3B2FADCF842D}"
EndProject
Global
	GlobalSection(SolutionConfigurationPlatforms) = preSolution
		Debug|x64 = Debug|x64
		Debug|x86 = Debug|x86
		Release|x64 = Release|x64
		Release|x86 = Release|x86
	EndGlobalSection
	GlobalSection(ProjectConfigurationPlatforms) = postSolution
		{FAC1DBF6-F68F-4D92-B892-3B2FADCF842D}.Debug|x64.ActiveCfg = Debug|x64
		{FAC1DBF6-F68F-4D92-B892-3B2FADCF842D}.Debug|x64.Build.0 = Debug|x64
		{FAC1DBF6-F68F-4D92-B892-3B2FADCF842D}.Debug|x86.ActiveCfg = Debug|Win32
		{FAC1DBF6-F68F-4D92-B892-3B2FADCF842D}.Debug|x86.Build.0 = Debug|Win32
		{FAC1DBF6-F68F-4D92-B892-3B2FADCF842D}.Release|x64.ActiveCfg = Release|x64
		{FAC1DBF6-F68F-4D92-B892-3B2FADCF842D}.Release|x64.Build.0 = Release|x64
		{FAC1DBF6-F68F-4D92-B892-3B2FADCF842D}.Release|x86.ActiveCfg = Release|Win32
		{FAC1DBF6-F68F-4D92-B892-3B2FADCF842D}.Release|x86.Build.0 = Release|Win32
	EndGlobalSection
	GlobalSection(SolutionProperties) = preSolution
		HideSolutionNode = FALSE
	EndGlobalSection
	GlobalSection(ExtensibilityGlobals) = postSolution
		SolutionGuid = {236476F6-E05E-4B7F-81AA-A01EEE3D925A}
	EndGlobalSection
EndGlobal
