
Microsoft Visual Studio Solution File, Format Version 12.00
# Visual Studio 15
VisualStudioVersion = 15.0.28010.2019
MinimumVisualStudioVersion = 10.0.40219.1
Project("{8BC9CEB8-8B4A-11D0-8D11-00A0C91BC942}") = "baekjoon_15900", "baekjoon_15900\baekjoon_15900.vcxproj", "{445C6FD8-0B15-4260-948D-E7B87A9693FE}"
EndProject
Global
	GlobalSection(SolutionConfigurationPlatforms) = preSolution
		Debug|x64 = Debug|x64
		Debug|x86 = Debug|x86
		Release|x64 = Release|x64
		Release|x86 = Release|x86
	EndGlobalSection
	GlobalSection(ProjectConfigurationPlatforms) = postSolution
		{445C6FD8-0B15-4260-948D-E7B87A9693FE}.Debug|x64.ActiveCfg = Debug|x64
		{445C6FD8-0B15-4260-948D-E7B87A9693FE}.Debug|x64.Build.0 = Debug|x64
		{445C6FD8-0B15-4260-948D-E7B87A9693FE}.Debug|x86.ActiveCfg = Debug|Win32
		{445C6FD8-0B15-4260-948D-E7B87A9693FE}.Debug|x86.Build.0 = Debug|Win32
		{445C6FD8-0B15-4260-948D-E7B87A9693FE}.Release|x64.ActiveCfg = Release|x64
		{445C6FD8-0B15-4260-948D-E7B87A9693FE}.Release|x64.Build.0 = Release|x64
		{445C6FD8-0B15-4260-948D-E7B87A9693FE}.Release|x86.ActiveCfg = Release|Win32
		{445C6FD8-0B15-4260-948D-E7B87A9693FE}.Release|x86.Build.0 = Release|Win32
	EndGlobalSection
	GlobalSection(SolutionProperties) = preSolution
		HideSolutionNode = FALSE
	EndGlobalSection
	GlobalSection(ExtensibilityGlobals) = postSolution
		SolutionGuid = {EC62EAB4-ED63-4B65-8606-1DFCEBC51873}
	EndGlobalSection
EndGlobal
